
Microsoft Visual Studio Solution File, Format Version 12.00
# Visual Studio Version 17
VisualStudioVersion = 17.2.32602.215
MinimumVisualStudioVersion = 10.0.40219.1
Project("{FAE04EC0-301F-11D3-BF4B-00C04F79EFBC}") = "MyWinFormsApp", "MyWinFormsApp.csproj", "{C6ED71FF-A1E5-4C59-A408-A9EC2C56462F}"
EndProject
Global
	GlobalSection(SolutionConfigurationPlatforms) = preSolution
		Debug|Any CPU = Debug|Any CPU
		Release|Any CPU = Release|Any CPU
	EndGlobalSection
	GlobalSection(ProjectConfigurationPlatforms) = postSolution
		{C6ED71FF-A1E5-4C59-A408-A9EC2C56462F}.Debug|Any CPU.ActiveCfg = Debug|Any CPU
		{C6ED71FF-A1E5-4C59-A408-A9EC2C56462F}.Debug|Any CPU.Build.0 = Debug|Any CPU
		{C6ED71FF-A1E5-4C59-A408-A9EC2C56462F}.Release|Any CPU.ActiveCfg = Release|Any CPU
		{C6ED71FF-A1E5-4C59-A408-A9EC2C56462F}.Release|Any CPU.Build.0 = Release|Any CPU
	EndGlobalSection
	GlobalSection(SolutionProperties) = preSolution
		HideSolutionNode = FALSE
	EndGlobalSection
	GlobalSection(ExtensibilityGlobals) = postSolution
		SolutionGuid = {6D520F3D-01B7-4FDC-921E-2D123099AE18}
	EndGlobalSection
EndGlobal
